
Microsoft Visual Studio Solution File, Format Version 12.00
Project("{FAE04EC0-301F-11D3-BF4B-00C04F79EFBC}") = "ProiectPOO1", "ProiectPOO1\ProiectPOO1.csproj", "{DB52CFA5-80F5-41A9-98C9-8E2897E44C0F}"
EndProject
Global
	GlobalSection(SolutionConfigurationPlatforms) = preSolution
		Debug|Any CPU = Debug|Any CPU
		Release|Any CPU = Release|Any CPU
	EndGlobalSection
	GlobalSection(ProjectConfigurationPlatforms) = postSolution
		{DB52CFA5-80F5-41A9-98C9-8E2897E44C0F}.Debug|Any CPU.ActiveCfg = Debug|Any CPU
		{DB52CFA5-80F5-41A9-98C9-8E2897E44C0F}.Debug|Any CPU.Build.0 = Debug|Any CPU
		{DB52CFA5-80F5-41A9-98C9-8E2897E44C0F}.Release|Any CPU.ActiveCfg = Release|Any CPU
		{DB52CFA5-80F5-41A9-98C9-8E2897E44C0F}.Release|Any CPU.Build.0 = Release|Any CPU
	EndGlobalSection
EndGlobal
